
Microsoft Visual Studio Solution File, Format Version 12.00
# Visual Studio Version 17
VisualStudioVersion = 17.6.33815.320
MinimumVisualStudioVersion = 10.0.40219.1
Project("{FAE04EC0-301F-11D3-BF4B-00C04F79EFBC}") = "Jegyek", "Jegyek.csproj", "{063DD3E4-4032-417F-81A7-4AD1A5D9FCBA}"
EndProject
Global
	GlobalSection(SolutionConfigurationPlatforms) = preSolution
		Debug|Any CPU = Debug|Any CPU
		Release|Any CPU = Release|Any CPU
	EndGlobalSection
	GlobalSection(ProjectConfigurationPlatforms) = postSolution
		{063DD3E4-4032-417F-81A7-4AD1A5D9FCBA}.Debug|Any CPU.ActiveCfg = Debug|Any CPU
		{063DD3E4-4032-417F-81A7-4AD1A5D9FCBA}.Debug|Any CPU.Build.0 = Debug|Any CPU
		{063DD3E4-4032-417F-81A7-4AD1A5D9FCBA}.Release|Any CPU.ActiveCfg = Release|Any CPU
		{063DD3E4-4032-417F-81A7-4AD1A5D9FCBA}.Release|Any CPU.Build.0 = Release|Any CPU
	EndGlobalSection
	GlobalSection(SolutionProperties) = preSolution
		HideSolutionNode = FALSE
	EndGlobalSection
	GlobalSection(ExtensibilityGlobals) = postSolution
		SolutionGuid = {78655F73-9238-4697-BA80-18DED51A14C7}
	EndGlobalSection
EndGlobal
